
Microsoft Visual Studio Solution File, Format Version 12.00
# Visual Studio Version 16
VisualStudioVersion = 16.0.29806.167
MinimumVisualStudioVersion = 15.0.26124.0
Project("{9A19103F-16F7-4668-BE54-9A1E7A4F7556}") = "BeanDiscovery", "BeanDiscovery\BeanDiscovery.csproj", "{A71A9EFC-F327-47A5-B50C-BD1EE400F734}"
EndProject
Project("{9A19103F-16F7-4668-BE54-9A1E7A4F7556}") = "BeanDiscoveryTest", "BeanDiscoveryTest\BeanDiscoveryTest.csproj", "{AE33337C-F6F4-4B9B-BFA9-259FE56FA90E}"
EndProject
Project("{9A19103F-16F7-4668-BE54-9A1E7A4F7556}") = "BeanDiscoveryExample", "BeanDiscoveryExample\BeanDiscoveryExample.csproj", "{54A18250-2977-4806-916E-32A896E31D16}"
EndProject
Project("{9A19103F-16F7-4668-BE54-9A1E7A4F7556}") = "BeanDiscoveryExampleExtra", "BeanDiscoveryExampleExtra\BeanDiscoveryExampleExtra.csproj", "{05997A1C-3330-4E85-8A13-1AA2CF03E258}"
EndProject
Project("{2150E333-8FDC-42A3-9474-1A3956D46DE8}") = "Solution Items", "Solution Items", "{4293B734-C0C5-4349-BE18-A636F099F72B}"
	ProjectSection(SolutionItems) = preProject
		Readme.md = Readme.md
	EndProjectSection
EndProject
Global
	GlobalSection(SolutionConfigurationPlatforms) = preSolution
		Debug|Any CPU = Debug|Any CPU
		Debug|x64 = Debug|x64
		Debug|x86 = Debug|x86
		Release|Any CPU = Release|Any CPU
		Release|x64 = Release|x64
		Release|x86 = Release|x86
	EndGlobalSection
	GlobalSection(ProjectConfigurationPlatforms) = postSolution
		{A71A9EFC-F327-47A5-B50C-BD1EE400F734}.Debug|Any CPU.ActiveCfg = Debug|Any CPU
		{A71A9EFC-F327-47A5-B50C-BD1EE400F734}.Debug|Any CPU.Build.0 = Debug|Any CPU
		{A71A9EFC-F327-47A5-B50C-BD1EE400F734}.Debug|x64.ActiveCfg = Debug|Any CPU
		{A71A9EFC-F327-47A5-B50C-BD1EE400F734}.Debug|x64.Build.0 = Debug|Any CPU
		{A71A9EFC-F327-47A5-B50C-BD1EE400F734}.Debug|x86.ActiveCfg = Debug|Any CPU
		{A71A9EFC-F327-47A5-B50C-BD1EE400F734}.Debug|x86.Build.0 = Debug|Any CPU
		{A71A9EFC-F327-47A5-B50C-BD1EE400F734}.Release|Any CPU.ActiveCfg = Release|Any CPU
		{A71A9EFC-F327-47A5-B50C-BD1EE400F734}.Release|Any CPU.Build.0 = Release|Any CPU
		{A71A9EFC-F327-47A5-B50C-BD1EE400F734}.Release|x64.ActiveCfg = Release|Any CPU
		{A71A9EFC-F327-47A5-B50C-BD1EE400F734}.Release|x64.Build.0 = Release|Any CPU
		{A71A9EFC-F327-47A5-B50C-BD1EE400F734}.Release|x86.ActiveCfg = Release|Any CPU
		{A71A9EFC-F327-47A5-B50C-BD1EE400F734}.Release|x86.Build.0 = Release|Any CPU
		{AE33337C-F6F4-4B9B-BFA9-259FE56FA90E}.Debug|Any CPU.ActiveCfg = Debug|Any CPU
		{AE33337C-F6F4-4B9B-BFA9-259FE56FA90E}.Debug|Any CPU.Build.0 = Debug|Any CPU
		{AE33337C-F6F4-4B9B-BFA9-259FE56FA90E}.Debug|x64.ActiveCfg = Debug|Any CPU
		{AE33337C-F6F4-4B9B-BFA9-259FE56FA90E}.Debug|x64.Build.0 = Debug|Any CPU
		{AE33337C-F6F4-4B9B-BFA9-259FE56FA90E}.Debug|x86.ActiveCfg = Debug|Any CPU
		{AE33337C-F6F4-4B9B-BFA9-259FE56FA90E}.Debug|x86.Build.0 = Debug|Any CPU
		{AE33337C-F6F4-4B9B-BFA9-259FE56FA90E}.Release|Any CPU.ActiveCfg = Release|Any CPU
		{AE33337C-F6F4-4B9B-BFA9-259FE56FA90E}.Release|Any CPU.Build.0 = Release|Any CPU
		{AE33337C-F6F4-4B9B-BFA9-259FE56FA90E}.Release|x64.ActiveCfg = Release|Any CPU
		{AE33337C-F6F4-4B9B-BFA9-259FE56FA90E}.Release|x64.Build.0 = Release|Any CPU
		{AE33337C-F6F4-4B9B-BFA9-259FE56FA90E}.Release|x86.ActiveCfg = Release|Any CPU
		{AE33337C-F6F4-4B9B-BFA9-259FE56FA90E}.Release|x86.Build.0 = Release|Any CPU
		{54A18250-2977-4806-916E-32A896E31D16}.Debug|Any CPU.ActiveCfg = Debug|Any CPU
		{54A18250-2977-4806-916E-32A896E31D16}.Debug|Any CPU.Build.0 = Debug|Any CPU
		{54A18250-2977-4806-916E-32A896E31D16}.Debug|x64.ActiveCfg = Debug|Any CPU
		{54A18250-2977-4806-916E-32A896E31D16}.Debug|x64.Build.0 = Debug|Any CPU
		{54A18250-2977-4806-916E-32A896E31D16}.Debug|x86.ActiveCfg = Debug|Any CPU
		{54A18250-2977-4806-916E-32A896E31D16}.Debug|x86.Build.0 = Debug|Any CPU
		{54A18250-2977-4806-916E-32A896E31D16}.Release|Any CPU.ActiveCfg = Release|Any CPU
		{54A18250-2977-4806-916E-32A896E31D16}.Release|Any CPU.Build.0 = Release|Any CPU
		{54A18250-2977-4806-916E-32A896E31D16}.Release|x64.ActiveCfg = Release|Any CPU
		{54A18250-2977-4806-916E-32A896E31D16}.Release|x64.Build.0 = Release|Any CPU
		{54A18250-2977-4806-916E-32A896E31D16}.Release|x86.ActiveCfg = Release|Any CPU
		{54A18250-2977-4806-916E-32A896E31D16}.Release|x86.Build.0 = Release|Any CPU
		{05997A1C-3330-4E85-8A13-1AA2CF03E258}.Debug|Any CPU.ActiveCfg = Debug|Any CPU
		{05997A1C-3330-4E85-8A13-1AA2CF03E258}.Debug|Any CPU.Build.0 = Debug|Any CPU
		{05997A1C-3330-4E85-8A13-1AA2CF03E258}.Debug|x64.ActiveCfg = Debug|Any CPU
		{05997A1C-3330-4E85-8A13-1AA2CF03E258}.Debug|x64.Build.0 = Debug|Any CPU
		{05997A1C-3330-4E85-8A13-1AA2CF03E258}.Debug|x86.ActiveCfg = Debug|Any CPU
		{05997A1C-3330-4E85-8A13-1AA2CF03E258}.Debug|x86.Build.0 = Debug|Any CPU
		{05997A1C-3330-4E85-8A13-1AA2CF03E258}.Release|Any CPU.ActiveCfg = Release|Any CPU
		{05997A1C-3330-4E85-8A13-1AA2CF03E258}.Release|Any CPU.Build.0 = Release|Any CPU
		{05997A1C-3330-4E85-8A13-1AA2CF03E258}.Release|x64.ActiveCfg = Release|Any CPU
		{05997A1C-3330-4E85-8A13-1AA2CF03E258}.Release|x64.Build.0 = Release|Any CPU
		{05997A1C-3330-4E85-8A13-1AA2CF03E258}.Release|x86.ActiveCfg = Release|Any CPU
		{05997A1C-3330-4E85-8A13-1AA2CF03E258}.Release|x86.Build.0 = Release|Any CPU
	EndGlobalSection
	GlobalSection(SolutionProperties) = preSolution
		HideSolutionNode = FALSE
	EndGlobalSection
	GlobalSection(ExtensibilityGlobals) = postSolution
		SolutionGuid = {AF0FDC9B-1C58-47EE-B934-2B3D0E29CBDF}
	EndGlobalSection
EndGlobal
